
Microsoft Visual Studio Solution File, Format Version 12.00
# Visual Studio Version 17
VisualStudioVersion = 17.3.32929.385
MinimumVisualStudioVersion = 10.0.40219.1
Project("{9A19103F-16F7-4668-BE54-9A1E7A4F7556}") = "IF TableTennisShop", "IF TableTennisShop\IF TableTennisShop.csproj", "{000AACD5-6BD6-4744-A43C-474CD29968A0}"
EndProject
Project("{FAE04EC0-301F-11D3-BF4B-00C04F79EFBC}") = "TableTennisShop.Domain", "TableTennisShop.Domain\TableTennisShop.Domain.csproj", "{0404F307-D853-477C-A50A-EF30828872F0}"
EndProject
Project("{FAE04EC0-301F-11D3-BF4B-00C04F79EFBC}") = "TableTennisShop.App", "TableTennisShop.App\TableTennisShop.App.csproj", "{4D717744-19F1-4CE3-A9B1-249C19BEA070}"
EndProject
Global
	GlobalSection(SolutionConfigurationPlatforms) = preSolution
		Debug|Any CPU = Debug|Any CPU
		Release|Any CPU = Release|Any CPU
	EndGlobalSection
	GlobalSection(ProjectConfigurationPlatforms) = postSolution
		{000AACD5-6BD6-4744-A43C-474CD29968A0}.Debug|Any CPU.ActiveCfg = Debug|Any CPU
		{000AACD5-6BD6-4744-A43C-474CD29968A0}.Debug|Any CPU.Build.0 = Debug|Any CPU
		{000AACD5-6BD6-4744-A43C-474CD29968A0}.Release|Any CPU.ActiveCfg = Release|Any CPU
		{000AACD5-6BD6-4744-A43C-474CD29968A0}.Release|Any CPU.Build.0 = Release|Any CPU
		{0404F307-D853-477C-A50A-EF30828872F0}.Debug|Any CPU.ActiveCfg = Debug|Any CPU
		{0404F307-D853-477C-A50A-EF30828872F0}.Debug|Any CPU.Build.0 = Debug|Any CPU
		{0404F307-D853-477C-A50A-EF30828872F0}.Release|Any CPU.ActiveCfg = Release|Any CPU
		{0404F307-D853-477C-A50A-EF30828872F0}.Release|Any CPU.Build.0 = Release|Any CPU
		{4D717744-19F1-4CE3-A9B1-249C19BEA070}.Debug|Any CPU.ActiveCfg = Debug|Any CPU
		{4D717744-19F1-4CE3-A9B1-249C19BEA070}.Debug|Any CPU.Build.0 = Debug|Any CPU
		{4D717744-19F1-4CE3-A9B1-249C19BEA070}.Release|Any CPU.ActiveCfg = Release|Any CPU
		{4D717744-19F1-4CE3-A9B1-249C19BEA070}.Release|Any CPU.Build.0 = Release|Any CPU
	EndGlobalSection
	GlobalSection(SolutionProperties) = preSolution
		HideSolutionNode = FALSE
	EndGlobalSection
	GlobalSection(ExtensibilityGlobals) = postSolution
		SolutionGuid = {FA804644-52F3-46E5-9D1E-8A655E78610E}
	EndGlobalSection
EndGlobal
